github.com/avast/retry-go/v5 v5.0.0 h1:kf1Qc2UsTZ4qq8elDymqfbISvkyMuhgRxuJqX2NHP7k=
github.com/avast/retry-go/v5 v5.0.0/go.mod h1://d+usmKWio1agtZfS1H/ltTqwtIfBnRq9zEwjc3eH8=
github.com/sony/gobreaker/v2 v2.3.0 h1:7VYxZ69QXRQ2Q4eEawHn6eU4FiuwovzJwsUMA03Lu4I=
github.com/sony/gobreaker/v2 v2.3.0/go.mod h1:pTyFJgcZ3h2tdQVLZZruK2C0eoFL1fb/G83wK1ZQl+s=
